
Microsoft Visual Studio Solution File, Format Version 12.00
# Visual Studio Version 17
VisualStudioVersion = 17.0.31903.59
MinimumVisualStudioVersion = 10.0.40219.1
Project("{FAE04EC0-301F-11D3-BF4B-00C04F79EFBC}") = "MenuGet", "MenuGet\src\MenuGet\MenuGet.csproj", "{C997CE3E-92C5-49CD-AD18-7EA16022E2D8}"
EndProject
Global
	GlobalSection(SolutionConfigurationPlatforms) = preSolution
		Debug|Any CPU = Debug|Any CPU
		Release|Any CPU = Release|Any CPU
	EndGlobalSection
	GlobalSection(ProjectConfigurationPlatforms) = postSolution
		{C997CE3E-92C5-49CD-AD18-7EA16022E2D8}.Debug|Any CPU.ActiveCfg = Debug|Any CPU
		{C997CE3E-92C5-49CD-AD18-7EA16022E2D8}.Debug|Any CPU.Build.0 = Debug|Any CPU
		{C997CE3E-92C5-49CD-AD18-7EA16022E2D8}.Release|Any CPU.ActiveCfg = Release|Any CPU
		{C997CE3E-92C5-49CD-AD18-7EA16022E2D8}.Release|Any CPU.Build.0 = Release|Any CPU
	EndGlobalSection
	GlobalSection(SolutionProperties) = preSolution
		HideSolutionNode = FALSE
	EndGlobalSection
	GlobalSection(ExtensibilityGlobals) = postSolution
		SolutionGuid = {C488B8F7-EB5C-423D-956D-17FE9B54BB67}
	EndGlobalSection
EndGlobal
